
Microsoft Visual Studio Solution File, Format Version 12.00
# Visual Studio 15
VisualStudioVersion = 15.0.26228.4
MinimumVisualStudioVersion = 10.0.40219.1
Project("{9A19103F-16F7-4668-BE54-9A1E7A4F7556}") = "Grafika", "Grafika\Grafika.csproj", "{32528710-6F29-4A8E-B5E8-BE3A6A742329}"
EndProject
Project("{9A19103F-16F7-4668-BE54-9A1E7A4F7556}") = "Grafika.Services", "Grafika.Services\Grafika.Services.csproj", "{9ED355DF-A214-49CC-8E8E-D76CB39C8218}"
EndProject
Project("{9A19103F-16F7-4668-BE54-9A1E7A4F7556}") = "Grafika.Data", "Grafika.Data\Grafika.Data.csproj", "{8585447B-407B-4731-A839-C1CDBDDD9C31}"
EndProject
Project("{2150E333-8FDC-42A3-9474-1A3956D46DE8}") = "Tests", "Tests", "{7612FA0F-1EA4-48F4-97A5-7CC4849DBD43}"
EndProject
Project("{9A19103F-16F7-4668-BE54-9A1E7A4F7556}") = "Grafika.Test", "Tests\Grafika.Test\Grafika.Test.csproj", "{4841BAE1-1DDB-4F4F-94CF-673128B94432}"
EndProject
Project("{9A19103F-16F7-4668-BE54-9A1E7A4F7556}") = "Grafika.Utilities", "Grafika.Utilities\Grafika.Utilities.csproj", "{C12544A1-1321-45E5-940C-BC1E057D0072}"
EndProject
Project("{9A19103F-16F7-4668-BE54-9A1E7A4F7556}") = "Grafika.Data.Mongo", "Grafika.Data.Mongo\Grafika.Data.Mongo.csproj", "{E687FE6D-1D47-44B8-9475-5810A9C9482E}"
EndProject
Project("{9A19103F-16F7-4668-BE54-9A1E7A4F7556}") = "Grafika.Services.Web", "Grafika.Services.Web\Grafika.Services.Web.csproj", "{3A07C353-9C54-469A-89CD-C4C5B47AAFF1}"
EndProject
Project("{2150E333-8FDC-42A3-9474-1A3956D46DE8}") = "Solution Items", "Solution Items", "{FB44DC6F-2048-4E71-BD98-56D8BC91021C}"
	ProjectSection(SolutionItems) = preProject
		bower.json = bower.json
		gulpfile.js = gulpfile.js
		package.json = package.json
		tsconfig.json = tsconfig.json
		typings.json = typings.json
	EndProjectSection
EndProject
Project("{9A19103F-16F7-4668-BE54-9A1E7A4F7556}") = "Grafika.Web", "Grafika.Web\Grafika.Web.csproj", "{5DDA73C2-DD85-4B21-8772-F2D135902298}"
EndProject
Global
	GlobalSection(SolutionConfigurationPlatforms) = preSolution
		Debug|Any CPU = Debug|Any CPU
		Release|Any CPU = Release|Any CPU
	EndGlobalSection
	GlobalSection(ProjectConfigurationPlatforms) = postSolution
		{32528710-6F29-4A8E-B5E8-BE3A6A742329}.Debug|Any CPU.ActiveCfg = Debug|Any CPU
		{32528710-6F29-4A8E-B5E8-BE3A6A742329}.Debug|Any CPU.Build.0 = Debug|Any CPU
		{32528710-6F29-4A8E-B5E8-BE3A6A742329}.Release|Any CPU.ActiveCfg = Release|Any CPU
		{32528710-6F29-4A8E-B5E8-BE3A6A742329}.Release|Any CPU.Build.0 = Release|Any CPU
		{9ED355DF-A214-49CC-8E8E-D76CB39C8218}.Debug|Any CPU.ActiveCfg = Debug|Any CPU
		{9ED355DF-A214-49CC-8E8E-D76CB39C8218}.Debug|Any CPU.Build.0 = Debug|Any CPU
		{9ED355DF-A214-49CC-8E8E-D76CB39C8218}.Release|Any CPU.ActiveCfg = Release|Any CPU
		{9ED355DF-A214-49CC-8E8E-D76CB39C8218}.Release|Any CPU.Build.0 = Release|Any CPU
		{8585447B-407B-4731-A839-C1CDBDDD9C31}.Debug|Any CPU.ActiveCfg = Debug|Any CPU
		{8585447B-407B-4731-A839-C1CDBDDD9C31}.Debug|Any CPU.Build.0 = Debug|Any CPU
		{8585447B-407B-4731-A839-C1CDBDDD9C31}.Release|Any CPU.ActiveCfg = Release|Any CPU
		{8585447B-407B-4731-A839-C1CDBDDD9C31}.Release|Any CPU.Build.0 = Release|Any CPU
		{4841BAE1-1DDB-4F4F-94CF-673128B94432}.Debug|Any CPU.ActiveCfg = Debug|Any CPU
		{4841BAE1-1DDB-4F4F-94CF-673128B94432}.Debug|Any CPU.Build.0 = Debug|Any CPU
		{4841BAE1-1DDB-4F4F-94CF-673128B94432}.Release|Any CPU.ActiveCfg = Release|Any CPU
		{4841BAE1-1DDB-4F4F-94CF-673128B94432}.Release|Any CPU.Build.0 = Release|Any CPU
		{C12544A1-1321-45E5-940C-BC1E057D0072}.Debug|Any CPU.ActiveCfg = Debug|Any CPU
		{C12544A1-1321-45E5-940C-BC1E057D0072}.Debug|Any CPU.Build.0 = Debug|Any CPU
		{C12544A1-1321-45E5-940C-BC1E057D0072}.Release|Any CPU.ActiveCfg = Release|Any CPU
		{C12544A1-1321-45E5-940C-BC1E057D0072}.Release|Any CPU.Build.0 = Release|Any CPU
		{E687FE6D-1D47-44B8-9475-5810A9C9482E}.Debug|Any CPU.ActiveCfg = Debug|Any CPU
		{E687FE6D-1D47-44B8-9475-5810A9C9482E}.Debug|Any CPU.Build.0 = Debug|Any CPU
		{E687FE6D-1D47-44B8-9475-5810A9C9482E}.Release|Any CPU.ActiveCfg = Release|Any CPU
		{E687FE6D-1D47-44B8-9475-5810A9C9482E}.Release|Any CPU.Build.0 = Release|Any CPU
		{3A07C353-9C54-469A-89CD-C4C5B47AAFF1}.Debug|Any CPU.ActiveCfg = Debug|Any CPU
		{3A07C353-9C54-469A-89CD-C4C5B47AAFF1}.Debug|Any CPU.Build.0 = Debug|Any CPU
		{3A07C353-9C54-469A-89CD-C4C5B47AAFF1}.Release|Any CPU.ActiveCfg = Release|Any CPU
		{3A07C353-9C54-469A-89CD-C4C5B47AAFF1}.Release|Any CPU.Build.0 = Release|Any CPU
		{5DDA73C2-DD85-4B21-8772-F2D135902298}.Debug|Any CPU.ActiveCfg = Debug|Any CPU
		{5DDA73C2-DD85-4B21-8772-F2D135902298}.Debug|Any CPU.Build.0 = Debug|Any CPU
		{5DDA73C2-DD85-4B21-8772-F2D135902298}.Release|Any CPU.ActiveCfg = Release|Any CPU
		{5DDA73C2-DD85-4B21-8772-F2D135902298}.Release|Any CPU.Build.0 = Release|Any CPU
	EndGlobalSection
	GlobalSection(SolutionProperties) = preSolution
		HideSolutionNode = FALSE
	EndGlobalSection
	GlobalSection(NestedProjects) = preSolution
		{4841BAE1-1DDB-4F4F-94CF-673128B94432} = {7612FA0F-1EA4-48F4-97A5-7CC4849DBD43}
	EndGlobalSection
EndGlobal
